// !$*UTF8*$!
{
	archiveVersion = 1;
	classes = {
	};
	objectVersion = 51;
	objects = {

/* Begin PBXBuildFile section */
		1802288EFA374BD04D70EAC1 /* Pods_Event_Attendance.framework in Frameworks */ = {isa = PBXBuildFile; fileRef = 113A4EBE3110F17076966784 /* Pods_Event_Attendance.framework */; };
		4E6AA2563BDA03020CE9A92F /* Pods_Event_Attendance_Event_AttendanceUITests.framework in Frameworks */ = {isa = PBXBuildFile; fileRef = 9E590C374FAA7C43864B6F65 /* Pods_Event_Attendance_Event_AttendanceUITests.framework */; };
		889F3685988ED589D4F6EA55 /* Pods_Event_AttendanceTests.framework in Frameworks */ = {isa = PBXBuildFile; fileRef = 5922F4B7B4B8C5E64F296091 /* Pods_Event_AttendanceTests.framework */; };
		AA54C6AF2563732C009248A4 /* GoogleService-Info.plist in Resources */ = {isa = PBXBuildFile; fileRef = AA54C6AE2563732C009248A4 /* GoogleService-Info.plist */; };
		AA54C6B02563732C009248A4 /* GoogleService-Info.plist in Resources */ = {isa = PBXBuildFile; fileRef = AA54C6AE2563732C009248A4 /* GoogleService-Info.plist */; };
		AA54C6B12563732C009248A4 /* GoogleService-Info.plist in Resources */ = {isa = PBXBuildFile; fileRef = AA54C6AE2563732C009248A4 /* GoogleService-Info.plist */; };
		AA6F6D492570D99300CD1F81 /* GroupViewController.swift in Sources */ = {isa = PBXBuildFile; fileRef = AA6F6D482570D99300CD1F81 /* GroupViewController.swift */; };
		AA6F6D4B2570D99700CD1F81 /* EventViewController.swift in Sources */ = {isa = PBXBuildFile; fileRef = AA6F6D4A2570D99700CD1F81 /* EventViewController.swift */; };
		AA6F6D4D2570D99A00CD1F81 /* AttendanceViewController.swift in Sources */ = {isa = PBXBuildFile; fileRef = AA6F6D4C2570D99A00CD1F81 /* AttendanceViewController.swift */; };
		AA6F6D512570D9CA00CD1F81 /* Event.swift in Sources */ = {isa = PBXBuildFile; fileRef = AA6F6D502570D9CA00CD1F81 /* Event.swift */; };
		AA6F6D532570DFC100CD1F81 /* SwipeTableViewController.swift in Sources */ = {isa = PBXBuildFile; fileRef = AA6F6D522570DFC100CD1F81 /* SwipeTableViewController.swift */; };
		AA6F6D552570DFDE00CD1F81 /* Group.swift in Sources */ = {isa = PBXBuildFile; fileRef = AA6F6D542570DFDE00CD1F81 /* Group.swift */; };
		AA7217DB255E8AC000A67830 /* AppDelegate.swift in Sources */ = {isa = PBXBuildFile; fileRef = AA7217DA255E8AC000A67830 /* AppDelegate.swift */; };
		AA7217DD255E8AC000A67830 /* SceneDelegate.swift in Sources */ = {isa = PBXBuildFile; fileRef = AA7217DC255E8AC000A67830 /* SceneDelegate.swift */; };
		AA7217E2255E8AC000A67830 /* Main.storyboard in Resources */ = {isa = PBXBuildFile; fileRef = AA7217E0255E8AC000A67830 /* Main.storyboard */; };
		AA7217E4255E8AC200A67830 /* Assets.xcassets in Resources */ = {isa = PBXBuildFile; fileRef = AA7217E3255E8AC200A67830 /* Assets.xcassets */; };
		AA7217E7255E8AC200A67830 /* LaunchScreen.storyboard in Resources */ = {isa = PBXBuildFile; fileRef = AA7217E5255E8AC200A67830 /* LaunchScreen.storyboard */; };
		AA7217F2255E8AC200A67830 /* Event_AttendanceTests.swift in Sources */ = {isa = PBXBuildFile; fileRef = AA7217F1255E8AC200A67830 /* Event_AttendanceTests.swift */; };
		AA7217FD255E8AC200A67830 /* Event_AttendanceUITests.swift in Sources */ = {isa = PBXBuildFile; fileRef = AA7217FC255E8AC200A67830 /* Event_AttendanceUITests.swift */; };
		AA78AE94257342E000B4F09B /* SettingViewController.swift in Sources */ = {isa = PBXBuildFile; fileRef = AA78AE93257342E000B4F09B /* SettingViewController.swift */; };
		AA809C382571FFC70078B43C /* SideMenuViewController.swift in Sources */ = {isa = PBXBuildFile; fileRef = AA809C372571FFC70078B43C /* SideMenuViewController.swift */; };
		AA809C3A25724FC70078B43C /* RegistrationViewController.swift in Sources */ = {isa = PBXBuildFile; fileRef = AA809C3925724FC70078B43C /* RegistrationViewController.swift */; };
		AAC94AA22573BCF100C7BF9D /* Member.swift in Sources */ = {isa = PBXBuildFile; fileRef = AAC94AA12573BCF100C7BF9D /* Member.swift */; };
		AAEA3977257B37DE00E6EA9F /* AttendanceTabMainViewController.swift in Sources */ = {isa = PBXBuildFile; fileRef = AAEA3976257B37DE00E6EA9F /* AttendanceTabMainViewController.swift */; };
		AAEA3979257B37E100E6EA9F /* AttendanceTabMemberViewController.swift in Sources */ = {isa = PBXBuildFile; fileRef = AAEA3978257B37E100E6EA9F /* AttendanceTabMemberViewController.swift */; };
		AAEA397B257B37E400E6EA9F /* AttendanceTabMoneyViewController.swift in Sources */ = {isa = PBXBuildFile; fileRef = AAEA397A257B37E400E6EA9F /* AttendanceTabMoneyViewController.swift */; };
/* End PBXBuildFile section */

/* Begin PBXContainerItemProxy section */
		AA7217EE255E8AC200A67830 /* PBXContainerItemProxy */ = {
			isa = PBXContainerItemProxy;
			containerPortal = AA7217CF255E8AC000A67830 /* Project object */;
			proxyType = 1;
			remoteGlobalIDString = AA7217D6255E8AC000A67830;
			remoteInfo = "Event-Attendance";
		};
		AA7217F9255E8AC200A67830 /* PBXContainerItemProxy */ = {
			isa = PBXContainerItemProxy;
			containerPortal = AA7217CF255E8AC000A67830 /* Project object */;
			proxyType = 1;
			remoteGlobalIDString = AA7217D6255E8AC000A67830;
			remoteInfo = "Event-Attendance";
		};
/* End PBXContainerItemProxy section */

/* Begin PBXFileReference section */
		113A4EBE3110F17076966784 /* Pods_Event_Attendance.framework */ = {isa = PBXFileReference; explicitFileType = wrapper.framework; includeInIndex = 0; path = Pods_Event_Attendance.framework; sourceTree = BUILT_PRODUCTS_DIR; };
		1CC2D7BF56A3B28C1610C9A7 /* Pods-Event-Attendance.debug.xcconfig */ = {isa = PBXFileReference; includeInIndex = 1; lastKnownFileType = text.xcconfig; name = "Pods-Event-Attendance.debug.xcconfig"; path = "Target Support Files/Pods-Event-Attendance/Pods-Event-Attendance.debug.xcconfig"; sourceTree = "<group>"; };
		393F6F598D2D1CA75229D55F /* Pods-Event-AttendanceTests.debug.xcconfig */ = {isa = PBXFileReference; includeInIndex = 1; lastKnownFileType = text.xcconfig; name = "Pods-Event-AttendanceTests.debug.xcconfig"; path = "Target Support Files/Pods-Event-AttendanceTests/Pods-Event-AttendanceTests.debug.xcconfig"; sourceTree = "<group>"; };
		5922F4B7B4B8C5E64F296091 /* Pods_Event_AttendanceTests.framework */ = {isa = PBXFileReference; explicitFileType = wrapper.framework; includeInIndex = 0; path = Pods_Event_AttendanceTests.framework; sourceTree = BUILT_PRODUCTS_DIR; };
		6C0BB5A79FCC8FD17FA0E633 /* Pods-Event-Attendance.release.xcconfig */ = {isa = PBXFileReference; includeInIndex = 1; lastKnownFileType = text.xcconfig; name = "Pods-Event-Attendance.release.xcconfig"; path = "Target Support Files/Pods-Event-Attendance/Pods-Event-Attendance.release.xcconfig"; sourceTree = "<group>"; };
		80DDA63EC0A7DDB622466C51 /* Pods-Event-Attendance-Event-AttendanceUITests.release.xcconfig */ = {isa = PBXFileReference; includeInIndex = 1; lastKnownFileType = text.xcconfig; name = "Pods-Event-Attendance-Event-AttendanceUITests.release.xcconfig"; path = "Target Support Files/Pods-Event-Attendance-Event-AttendanceUITests/Pods-Event-Attendance-Event-AttendanceUITests.release.xcconfig"; sourceTree = "<group>"; };
		82B9A5AAE2F36258FC1AD5BC /* Pods-Event-AttendanceTests.release.xcconfig */ = {isa = PBXFileReference; includeInIndex = 1; lastKnownFileType = text.xcconfig; name = "Pods-Event-AttendanceTests.release.xcconfig"; path = "Target Support Files/Pods-Event-AttendanceTests/Pods-Event-AttendanceTests.release.xcconfig"; sourceTree = "<group>"; };
		9E590C374FAA7C43864B6F65 /* Pods_Event_Attendance_Event_AttendanceUITests.framework */ = {isa = PBXFileReference; explicitFileType = wrapper.framework; includeInIndex = 0; path = Pods_Event_Attendance_Event_AttendanceUITests.framework; sourceTree = BUILT_PRODUCTS_DIR; };
		A3E72814BA0692C5D8EF830D /* Pods-Event-Attendance-Event-AttendanceUITests.debug.xcconfig */ = {isa = PBXFileReference; includeInIndex = 1; lastKnownFileType = text.xcconfig; name = "Pods-Event-Attendance-Event-AttendanceUITests.debug.xcconfig"; path = "Target Support Files/Pods-Event-Attendance-Event-AttendanceUITests/Pods-Event-Attendance-Event-AttendanceUITests.debug.xcconfig"; sourceTree = "<group>"; };
		AA07F26125653EE100917CC4 /* Event-Attendance.entitlements */ = {isa = PBXFileReference; lastKnownFileType = text.plist.entitlements; path = "Event-Attendance.entitlements"; sourceTree = "<group>"; };
		AA54C6AE2563732C009248A4 /* GoogleService-Info.plist */ = {isa = PBXFileReference; fileEncoding = 4; lastKnownFileType = text.plist.xml; path = "GoogleService-Info.plist"; sourceTree = "<group>"; };
		AA6F6D482570D99300CD1F81 /* GroupViewController.swift */ = {isa = PBXFileReference; lastKnownFileType = sourcecode.swift; name = GroupViewController.swift; path = "/Users/MasateruMaegawa/Desktop/Original/Event-Attendance/Event-Attendance/View/GroupViewController.swift"; sourceTree = "<absolute>"; };
		AA6F6D4A2570D99700CD1F81 /* EventViewController.swift */ = {isa = PBXFileReference; lastKnownFileType = sourcecode.swift; name = EventViewController.swift; path = "/Users/MasateruMaegawa/Desktop/Original/Event-Attendance/Event-Attendance/View/EventViewController.swift"; sourceTree = "<absolute>"; };
		AA6F6D4C2570D99A00CD1F81 /* AttendanceViewController.swift */ = {isa = PBXFileReference; lastKnownFileType = sourcecode.swift; name = AttendanceViewController.swift; path = "/Users/MasateruMaegawa/Desktop/Original/Event-Attendance/Event-Attendance/View/AttendanceViewController.swift"; sourceTree = "<absolute>"; };
		AA6F6D502570D9CA00CD1F81 /* Event.swift */ = {isa = PBXFileReference; lastKnownFileType = sourcecode.swift; name = Event.swift; path = "/Users/MasateruMaegawa/Desktop/Original/Event-Attendance/Event-Attendance/Model/Event.swift"; sourceTree = "<absolute>"; };
		AA6F6D522570DFC100CD1F81 /* SwipeTableViewController.swift */ = {isa = PBXFileReference; lastKnownFileType = sourcecode.swift; name = SwipeTableViewController.swift; path = "/Users/MasateruMaegawa/Desktop/Original/Event-Attendance/Event-Attendance/View/SwipeTableViewController.swift"; sourceTree = "<absolute>"; };
		AA6F6D542570DFDE00CD1F81 /* Group.swift */ = {isa = PBXFileReference; lastKnownFileType = sourcecode.swift; name = Group.swift; path = "/Users/MasateruMaegawa/Desktop/Original/Event-Attendance/Event-Attendance/Model/Group.swift"; sourceTree = "<absolute>"; };
		AA7217D7255E8AC000A67830 /* Event-Attendance.app */ = {isa = PBXFileReference; explicitFileType = wrapper.application; includeInIndex = 0; path = "Event-Attendance.app"; sourceTree = BUILT_PRODUCTS_DIR; };
		AA7217DA255E8AC000A67830 /* AppDelegate.swift */ = {isa = PBXFileReference; lastKnownFileType = sourcecode.swift; path = AppDelegate.swift; sourceTree = "<group>"; };
		AA7217DC255E8AC000A67830 /* SceneDelegate.swift */ = {isa = PBXFileReference; lastKnownFileType = sourcecode.swift; path = SceneDelegate.swift; sourceTree = "<group>"; };
		AA7217E1255E8AC000A67830 /* Base */ = {isa = PBXFileReference; lastKnownFileType = file.storyboard; name = Base; path = Base.lproj/Main.storyboard; sourceTree = "<group>"; };
		AA7217E3255E8AC200A67830 /* Assets.xcassets */ = {isa = PBXFileReference; lastKnownFileType = folder.assetcatalog; path = Assets.xcassets; sourceTree = "<group>"; };
		AA7217E6255E8AC200A67830 /* Base */ = {isa = PBXFileReference; lastKnownFileType = file.storyboard; name = Base; path = Base.lproj/LaunchScreen.storyboard; sourceTree = "<group>"; };
		AA7217E8255E8AC200A67830 /* Info.plist */ = {isa = PBXFileReference; lastKnownFileType = text.plist.xml; path = Info.plist; sourceTree = "<group>"; };
		AA7217ED255E8AC200A67830 /* Event-AttendanceTests.xctest */ = {isa = PBXFileReference; explicitFileType = wrapper.cfbundle; includeInIndex = 0; path = "Event-AttendanceTests.xctest"; sourceTree = BUILT_PRODUCTS_DIR; };
		AA7217F1255E8AC200A67830 /* Event_AttendanceTests.swift */ = {isa = PBXFileReference; lastKnownFileType = sourcecode.swift; path = Event_AttendanceTests.swift; sourceTree = "<group>"; };
		AA7217F3255E8AC200A67830 /* Info.plist */ = {isa = PBXFileReference; lastKnownFileType = text.plist.xml; path = Info.plist; sourceTree = "<group>"; };
		AA7217F8255E8AC200A67830 /* Event-AttendanceUITests.xctest */ = {isa = PBXFileReference; explicitFileType = wrapper.cfbundle; includeInIndex = 0; path = "Event-AttendanceUITests.xctest"; sourceTree = BUILT_PRODUCTS_DIR; };
		AA7217FC255E8AC200A67830 /* Event_AttendanceUITests.swift */ = {isa = PBXFileReference; lastKnownFileType = sourcecode.swift; path = Event_AttendanceUITests.swift; sourceTree = "<group>"; };
		AA7217FE255E8AC200A67830 /* Info.plist */ = {isa = PBXFileReference; lastKnownFileType = text.plist.xml; path = Info.plist; sourceTree = "<group>"; };
		AA78AE93257342E000B4F09B /* SettingViewController.swift */ = {isa = PBXFileReference; lastKnownFileType = sourcecode.swift; path = SettingViewController.swift; sourceTree = "<group>"; };
		AA809C372571FFC70078B43C /* SideMenuViewController.swift */ = {isa = PBXFileReference; lastKnownFileType = sourcecode.swift; name = SideMenuViewController.swift; path = "Event-Attendance/View/SideMenuViewController.swift"; sourceTree = SOURCE_ROOT; };
		AA809C3925724FC70078B43C /* RegistrationViewController.swift */ = {isa = PBXFileReference; lastKnownFileType = sourcecode.swift; path = RegistrationViewController.swift; sourceTree = "<group>"; };
		AAC94AA12573BCF100C7BF9D /* Member.swift */ = {isa = PBXFileReference; lastKnownFileType = sourcecode.swift; path = Member.swift; sourceTree = "<group>"; };
		AAEA3976257B37DE00E6EA9F /* AttendanceTabMainViewController.swift */ = {isa = PBXFileReference; lastKnownFileType = sourcecode.swift; name = AttendanceTabMainViewController.swift; path = "/Users/MasateruMaegawa/Desktop/Original/Event-Attendance/Event-Attendance/View/AttendanceTabMainViewController.swift"; sourceTree = "<absolute>"; };
		AAEA3978257B37E100E6EA9F /* AttendanceTabMemberViewController.swift */ = {isa = PBXFileReference; lastKnownFileType = sourcecode.swift; name = AttendanceTabMemberViewController.swift; path = "/Users/MasateruMaegawa/Desktop/Original/Event-Attendance/Event-Attendance/View/AttendanceTabMemberViewController.swift"; sourceTree = "<absolute>"; };
		AAEA397A257B37E400E6EA9F /* AttendanceTabMoneyViewController.swift */ = {isa = PBXFileReference; lastKnownFileType = sourcecode.swift; name = AttendanceTabMoneyViewController.swift; path = "/Users/MasateruMaegawa/Desktop/Original/Event-Attendance/Event-Attendance/View/AttendanceTabMoneyViewController.swift"; sourceTree = "<absolute>"; };
/* End PBXFileReference section */

/* Begin PBXFrameworksBuildPhase section */
		AA7217D4255E8AC000A67830 /* Frameworks */ = {
			isa = PBXFrameworksBuildPhase;
			buildActionMask = 2147483647;
			files = (
				1802288EFA374BD04D70EAC1 /* Pods_Event_Attendance.framework in Frameworks */,
			);
			runOnlyForDeploymentPostprocessing = 0;
		};
		AA7217EA255E8AC200A67830 /* Frameworks */ = {
			isa = PBXFrameworksBuildPhase;
			buildActionMask = 2147483647;
			files = (
				889F3685988ED589D4F6EA55 /* Pods_Event_AttendanceTests.framework in Frameworks */,
			);
			runOnlyForDeploymentPostprocessing = 0;
		};
		AA7217F5255E8AC200A67830 /* Frameworks */ = {
			isa = PBXFrameworksBuildPhase;
			buildActionMask = 2147483647;
			files = (
				4E6AA2563BDA03020CE9A92F /* Pods_Event_Attendance_Event_AttendanceUITests.framework in Frameworks */,
			);
			runOnlyForDeploymentPostprocessing = 0;
		};
/* End PBXFrameworksBuildPhase section */

/* Begin PBXGroup section */
		7685A7EE37BF7962E38C0560 /* Pods */ = {
			isa = PBXGroup;
			children = (
				1CC2D7BF56A3B28C1610C9A7 /* Pods-Event-Attendance.debug.xcconfig */,
				6C0BB5A79FCC8FD17FA0E633 /* Pods-Event-Attendance.release.xcconfig */,
				A3E72814BA0692C5D8EF830D /* Pods-Event-Attendance-Event-AttendanceUITests.debug.xcconfig */,
				80DDA63EC0A7DDB622466C51 /* Pods-Event-Attendance-Event-AttendanceUITests.release.xcconfig */,
				393F6F598D2D1CA75229D55F /* Pods-Event-AttendanceTests.debug.xcconfig */,
				82B9A5AAE2F36258FC1AD5BC /* Pods-Event-AttendanceTests.release.xcconfig */,
			);
			path = Pods;
			sourceTree = "<group>";
		};
		AA5C9A0B257DCAEB006044FE /* AttendanceViewController */ = {
			isa = PBXGroup;
			children = (
				AA6F6D4C2570D99A00CD1F81 /* AttendanceViewController.swift */,
				AAEA3976257B37DE00E6EA9F /* AttendanceTabMainViewController.swift */,
				AAEA3978257B37E100E6EA9F /* AttendanceTabMemberViewController.swift */,
				AAEA397A257B37E400E6EA9F /* AttendanceTabMoneyViewController.swift */,
			);
			path = AttendanceViewController;
			sourceTree = "<group>";
		};
		AA7217CE255E8AC000A67830 = {
			isa = PBXGroup;
			children = (
				AA7217D9255E8AC000A67830 /* Event-Attendance */,
				AA7217F0255E8AC200A67830 /* Event-AttendanceTests */,
				AA7217FB255E8AC200A67830 /* Event-AttendanceUITests */,
				AA7217D8255E8AC000A67830 /* Products */,
				7685A7EE37BF7962E38C0560 /* Pods */,
				B89424FC09F8BFABC4A39427 /* Frameworks */,
			);
			sourceTree = "<group>";
		};
		AA7217D8255E8AC000A67830 /* Products */ = {
			isa = PBXGroup;
			children = (
				AA7217D7255E8AC000A67830 /* Event-Attendance.app */,
				AA7217ED255E8AC200A67830 /* Event-AttendanceTests.xctest */,
				AA7217F8255E8AC200A67830 /* Event-AttendanceUITests.xctest */,
			);
			name = Products;
			sourceTree = "<group>";
		};
		AA7217D9255E8AC000A67830 /* Event-Attendance */ = {
			isa = PBXGroup;
			children = (
				AA07F26125653EE100917CC4 /* Event-Attendance.entitlements */,
				AA72180A255EAEEE00A67830 /* Model */,
				AA72180B255EAEF700A67830 /* View */,
				AA72180E255EAEFF00A67830 /* Controller */,
				AA7217DA255E8AC000A67830 /* AppDelegate.swift */,
				AA7217DC255E8AC000A67830 /* SceneDelegate.swift */,
				AA7217E0255E8AC000A67830 /* Main.storyboard */,
				AA7217E3255E8AC200A67830 /* Assets.xcassets */,
				AA7217E5255E8AC200A67830 /* LaunchScreen.storyboard */,
				AA7217E8255E8AC200A67830 /* Info.plist */,
				AA54C6AE2563732C009248A4 /* GoogleService-Info.plist */,
			);
			path = "Event-Attendance";
			sourceTree = "<group>";
		};
		AA7217F0255E8AC200A67830 /* Event-AttendanceTests */ = {
			isa = PBXGroup;
			children = (
				AA7217F1255E8AC200A67830 /* Event_AttendanceTests.swift */,
				AA7217F3255E8AC200A67830 /* Info.plist */,
			);
			path = "Event-AttendanceTests";
			sourceTree = "<group>";
		};
		AA7217FB255E8AC200A67830 /* Event-AttendanceUITests */ = {
			isa = PBXGroup;
			children = (
				AA7217FC255E8AC200A67830 /* Event_AttendanceUITests.swift */,
				AA7217FE255E8AC200A67830 /* Info.plist */,
			);
			path = "Event-AttendanceUITests";
			sourceTree = "<group>";
		};
		AA72180A255EAEEE00A67830 /* Model */ = {
			isa = PBXGroup;
			children = (
				AA6F6D542570DFDE00CD1F81 /* Group.swift */,
				AA6F6D502570D9CA00CD1F81 /* Event.swift */,
				AAC94AA12573BCF100C7BF9D /* Member.swift */,
			);
			path = Model;
			sourceTree = "<group>";
		};
		AA72180B255EAEF700A67830 /* View */ = {
			isa = PBXGroup;
			children = (
				AA5C9A0B257DCAEB006044FE /* AttendanceViewController */,
				AA6F6D482570D99300CD1F81 /* GroupViewController.swift */,
				AA6F6D4A2570D99700CD1F81 /* EventViewController.swift */,
				AA809C3925724FC70078B43C /* RegistrationViewController.swift */,
				AA6F6D522570DFC100CD1F81 /* SwipeTableViewController.swift */,
				AA809C372571FFC70078B43C /* SideMenuViewController.swift */,
				AA78AE93257342E000B4F09B /* SettingViewController.swift */,
			);
			name = View;
			path = "Event-Attendance/View";
			sourceTree = SOURCE_ROOT;
		};
		AA72180E255EAEFF00A67830 /* Controller */ = {
			isa = PBXGroup;
			children = (
			);
			path = Controller;
			sourceTree = "<group>";
		};
		B89424FC09F8BFABC4A39427 /* Frameworks */ = {
			isa = PBXGroup;
			children = (
				113A4EBE3110F17076966784 /* Pods_Event_Attendance.framework */,
				9E590C374FAA7C43864B6F65 /* Pods_Event_Attendance_Event_AttendanceUITests.framework */,
				5922F4B7B4B8C5E64F296091 /* Pods_Event_AttendanceTests.framework */,
			);
			name = Frameworks;
			sourceTree = "<group>";
		};
/* End PBXGroup section */

/* Begin PBXNativeTarget section */
		AA7217D6255E8AC000A67830 /* Event-Attendance */ = {
			isa = PBXNativeTarget;
			buildConfigurationList = AA721801255E8AC200A67830 /* Build configuration list for PBXNativeTarget "Event-Attendance" */;
			buildPhases = (
				CD8E30C3985B94E897BBFB9E /* [CP] Check Pods Manifest.lock */,
				AA7217D3255E8AC000A67830 /* Sources */,
				AA7217D4255E8AC000A67830 /* Frameworks */,
				AA7217D5255E8AC000A67830 /* Resources */,
				9630BA8BD300CB1BCA0F2106 /* [CP] Embed Pods Frameworks */,
				AA6F6D5625713CB900CD1F81 /* ShellScript */,
			);
			buildRules = (
			);
			dependencies = (
			);
			name = "Event-Attendance";
			productName = "Event-Attendance";
			productReference = AA7217D7255E8AC000A67830 /* Event-Attendance.app */;
			productType = "com.apple.product-type.application";
		};
		AA7217EC255E8AC200A67830 /* Event-AttendanceTests */ = {
			isa = PBXNativeTarget;
			buildConfigurationList = AA721804255E8AC200A67830 /* Build configuration list for PBXNativeTarget "Event-AttendanceTests" */;
			buildPhases = (
				AC43CF3B8A3E672C71B41161 /* [CP] Check Pods Manifest.lock */,
				AA7217E9255E8AC200A67830 /* Sources */,
				AA7217EA255E8AC200A67830 /* Frameworks */,
				AA7217EB255E8AC200A67830 /* Resources */,
			);
			buildRules = (
			);
			dependencies = (
				AA7217EF255E8AC200A67830 /* PBXTargetDependency */,
			);
			name = "Event-AttendanceTests";
			productName = "Event-AttendanceTests";
			productReference = AA7217ED255E8AC200A67830 /* Event-AttendanceTests.xctest */;
			productType = "com.apple.product-type.bundle.unit-test";
		};
		AA7217F7255E8AC200A67830 /* Event-AttendanceUITests */ = {
			isa = PBXNativeTarget;
			buildConfigurationList = AA721807255E8AC200A67830 /* Build configuration list for PBXNativeTarget "Event-AttendanceUITests" */;
			buildPhases = (
				BF3BC0E76A88F2544A0103CC /* [CP] Check Pods Manifest.lock */,
				AA7217F4255E8AC200A67830 /* Sources */,
				AA7217F5255E8AC200A67830 /* Frameworks */,
				AA7217F6255E8AC200A67830 /* Resources */,
				AF287F08D8ACDD7DCF21B88F /* [CP] Embed Pods Frameworks */,
			);
			buildRules = (
			);
			dependencies = (
				AA7217FA255E8AC200A67830 /* PBXTargetDependency */,
			);
			name = "Event-AttendanceUITests";
			productName = "Event-AttendanceUITests";
			productReference = AA7217F8255E8AC200A67830 /* Event-AttendanceUITests.xctest */;
			productType = "com.apple.product-type.bundle.ui-testing";
		};
/* End PBXNativeTarget section */

/* Begin PBXProject section */
		AA7217CF255E8AC000A67830 /* Project object */ = {
			isa = PBXProject;
			attributes = {
				LastSwiftUpdateCheck = 1170;
				LastUpgradeCheck = 1170;
				ORGANIZATIONNAME = "Masateru Maegawa";
				TargetAttributes = {
					AA7217D6255E8AC000A67830 = {
						CreatedOnToolsVersion = 11.7;
					};
					AA7217EC255E8AC200A67830 = {
						CreatedOnToolsVersion = 11.7;
						TestTargetID = AA7217D6255E8AC000A67830;
					};
					AA7217F7255E8AC200A67830 = {
						CreatedOnToolsVersion = 11.7;
						TestTargetID = AA7217D6255E8AC000A67830;
					};
				};
			};
			buildConfigurationList = AA7217D2255E8AC000A67830 /* Build configuration list for PBXProject "Event-Attendance" */;
			compatibilityVersion = "Xcode 9.3";
			developmentRegion = en;
			hasScannedForEncodings = 0;
			knownRegions = (
				en,
				Base,
			);
			mainGroup = AA7217CE255E8AC000A67830;
			productRefGroup = AA7217D8255E8AC000A67830 /* Products */;
			projectDirPath = "";
			projectRoot = "";
			targets = (
				AA7217D6255E8AC000A67830 /* Event-Attendance */,
				AA7217EC255E8AC200A67830 /* Event-AttendanceTests */,
				AA7217F7255E8AC200A67830 /* Event-AttendanceUITests */,
			);
		};
/* End PBXProject section */

/* Begin PBXResourcesBuildPhase section */
		AA7217D5255E8AC000A67830 /* Resources */ = {
			isa = PBXResourcesBuildPhase;
			buildActionMask = 2147483647;
			files = (
				AA7217E7255E8AC200A67830 /* LaunchScreen.storyboard in Resources */,
				AA54C6AF2563732C009248A4 /* GoogleService-Info.plist in Resources */,
				AA7217E4255E8AC200A67830 /* Assets.xcassets in Resources */,
				AA7217E2255E8AC000A67830 /* Main.storyboard in Resources */,
			);
			runOnlyForDeploymentPostprocessing = 0;
		};
		AA7217EB255E8AC200A67830 /* Resources */ = {
			isa = PBXResourcesBuildPhase;
			buildActionMask = 2147483647;
			files = (
				AA54C6B02563732C009248A4 /* GoogleService-Info.plist in Resources */,
			);
			runOnlyForDeploymentPostprocessing = 0;
		};
		AA7217F6255E8AC200A67830 /* Resources */ = {
			isa = PBXResourcesBuildPhase;
			buildActionMask = 2147483647;
			files = (
				AA54C6B12563732C009248A4 /* GoogleService-Info.plist in Resources */,
			);
			runOnlyForDeploymentPostprocessing = 0;
		};
/* End PBXResourcesBuildPhase section */

/* Begin PBXShellScriptBuildPhase section */
		9630BA8BD300CB1BCA0F2106 /* [CP] Embed Pods Frameworks */ = {
			isa = PBXShellScriptBuildPhase;
			buildActionMask = 2147483647;
			files = (
			);
			inputFileListPaths = (
				"${PODS_ROOT}/Target Support Files/Pods-Event-Attendance/Pods-Event-Attendance-frameworks-${CONFIGURATION}-input-files.xcfilelist",
			);
			name = "[CP] Embed Pods Frameworks";
			outputFileListPaths = (
				"${PODS_ROOT}/Target Support Files/Pods-Event-Attendance/Pods-Event-Attendance-frameworks-${CONFIGURATION}-output-files.xcfilelist",
			);
			runOnlyForDeploymentPostprocessing = 0;
			shellPath = /bin/sh;
			shellScript = "\"${PODS_ROOT}/Target Support Files/Pods-Event-Attendance/Pods-Event-Attendance-frameworks.sh\"\n";
			showEnvVarsInLog = 0;
		};
		AA6F6D5625713CB900CD1F81 /* ShellScript */ = {
			isa = PBXShellScriptBuildPhase;
			buildActionMask = 2147483647;
			files = (
			);
			inputFileListPaths = (
			);
			inputPaths = (
			);
			outputFileListPaths = (
			);
			outputPaths = (
			);
			runOnlyForDeploymentPostprocessing = 0;
			shellPath = /bin/sh;
			shellScript = "";
		};
		AC43CF3B8A3E672C71B41161 /* [CP] Check Pods Manifest.lock */ = {
			isa = PBXShellScriptBuildPhase;
			buildActionMask = 2147483647;
			files = (
			);
			inputFileListPaths = (
			);
			inputPaths = (
				"${PODS_PODFILE_DIR_PATH}/Podfile.lock",
				"${PODS_ROOT}/Manifest.lock",
			);
			name = "[CP] Check Pods Manifest.lock";
			outputFileListPaths = (
			);
			outputPaths = (
				"$(DERIVED_FILE_DIR)/Pods-Event-AttendanceTests-checkManifestLockResult.txt",
			);
			runOnlyForDeploymentPostprocessing = 0;
			shellPath = /bin/sh;
			shellScript = "diff \"${PODS_PODFILE_DIR_PATH}/Podfile.lock\" \"${PODS_ROOT}/Manifest.lock\" > /dev/null\nif [ $? != 0 ] ; then\n    # print error to STDERR\n    echo \"error: The sandbox is not in sync with the Podfile.lock. Run 'pod install' or update your CocoaPods installation.\" >&2\n    exit 1\nfi\n# This output is used by Xcode 'outputs' to avoid re-running this script phase.\necho \"SUCCESS\" > \"${SCRIPT_OUTPUT_FILE_0}\"\n";
			showEnvVarsInLog = 0;
		};
		AF287F08D8ACDD7DCF21B88F /* [CP] Embed Pods Frameworks */ = {
			isa = PBXShellScriptBuildPhase;
			buildActionMask = 2147483647;
			files = (
			);
			inputFileListPaths = (
				"${PODS_ROOT}/Target Support Files/Pods-Event-Attendance-Event-AttendanceUITests/Pods-Event-Attendance-Event-AttendanceUITests-frameworks-${CONFIGURATION}-input-files.xcfilelist",
			);
			name = "[CP] Embed Pods Frameworks";
			outputFileListPaths = (
				"${PODS_ROOT}/Target Support Files/Pods-Event-Attendance-Event-AttendanceUITests/Pods-Event-Attendance-Event-AttendanceUITests-frameworks-${CONFIGURATION}-output-files.xcfilelist",
			);
			runOnlyForDeploymentPostprocessing = 0;
			shellPath = /bin/sh;
			shellScript = "\"${PODS_ROOT}/Target Support Files/Pods-Event-Attendance-Event-AttendanceUITests/Pods-Event-Attendance-Event-AttendanceUITests-frameworks.sh\"\n";
			showEnvVarsInLog = 0;
		};
		BF3BC0E76A88F2544A0103CC /* [CP] Check Pods Manifest.lock */ = {
			isa = PBXShellScriptBuildPhase;
			buildActionMask = 2147483647;
			files = (
			);
			inputFileListPaths = (
			);
			inputPaths = (
				"${PODS_PODFILE_DIR_PATH}/Podfile.lock",
				"${PODS_ROOT}/Manifest.lock",
			);
			name = "[CP] Check Pods Manifest.lock";
			outputFileListPaths = (
			);
			outputPaths = (
				"$(DERIVED_FILE_DIR)/Pods-Event-Attendance-Event-AttendanceUITests-checkManifestLockResult.txt",
			);
			runOnlyForDeploymentPostprocessing = 0;
			shellPath = /bin/sh;
			shellScript = "diff \"${PODS_PODFILE_DIR_PATH}/Podfile.lock\" \"${PODS_ROOT}/Manifest.lock\" > /dev/null\nif [ $? != 0 ] ; then\n    # print error to STDERR\n    echo \"error: The sandbox is not in sync with the Podfile.lock. Run 'pod install' or update your CocoaPods installation.\" >&2\n    exit 1\nfi\n# This output is used by Xcode 'outputs' to avoid re-running this script phase.\necho \"SUCCESS\" > \"${SCRIPT_OUTPUT_FILE_0}\"\n";
			showEnvVarsInLog = 0;
		};
		CD8E30C3985B94E897BBFB9E /* [CP] Check Pods Manifest.lock */ = {
			isa = PBXShellScriptBuildPhase;
			buildActionMask = 2147483647;
			files = (
			);
			inputFileListPaths = (
			);
			inputPaths = (
				"${PODS_PODFILE_DIR_PATH}/Podfile.lock",
				"${PODS_ROOT}/Manifest.lock",
			);
			name = "[CP] Check Pods Manifest.lock";
			outputFileListPaths = (
			);
			outputPaths = (
				"$(DERIVED_FILE_DIR)/Pods-Event-Attendance-checkManifestLockResult.txt",
			);
			runOnlyForDeploymentPostprocessing = 0;
			shellPath = /bin/sh;
			shellScript = "diff \"${PODS_PODFILE_DIR_PATH}/Podfile.lock\" \"${PODS_ROOT}/Manifest.lock\" > /dev/null\nif [ $? != 0 ] ; then\n    # print error to STDERR\n    echo \"error: The sandbox is not in sync with the Podfile.lock. Run 'pod install' or update your CocoaPods installation.\" >&2\n    exit 1\nfi\n# This output is used by Xcode 'outputs' to avoid re-running this script phase.\necho \"SUCCESS\" > \"${SCRIPT_OUTPUT_FILE_0}\"\n";
			showEnvVarsInLog = 0;
		};
/* End PBXShellScriptBuildPhase section */

/* Begin PBXSourcesBuildPhase section */
		AA7217D3255E8AC000A67830 /* Sources */ = {
			isa = PBXSourcesBuildPhase;
			buildActionMask = 2147483647;
			files = (
				AA6F6D512570D9CA00CD1F81 /* Event.swift in Sources */,
				AA6F6D4B2570D99700CD1F81 /* EventViewController.swift in Sources */,
				AA6F6D492570D99300CD1F81 /* GroupViewController.swift in Sources */,
				AAEA3979257B37E100E6EA9F /* AttendanceTabMemberViewController.swift in Sources */,
				AA6F6D552570DFDE00CD1F81 /* Group.swift in Sources */,
				AA809C3A25724FC70078B43C /* RegistrationViewController.swift in Sources */,
				AAEA3977257B37DE00E6EA9F /* AttendanceTabMainViewController.swift in Sources */,
				AA6F6D532570DFC100CD1F81 /* SwipeTableViewController.swift in Sources */,
				AA7217DB255E8AC000A67830 /* AppDelegate.swift in Sources */,
				AAC94AA22573BCF100C7BF9D /* Member.swift in Sources */,
				AAEA397B257B37E400E6EA9F /* AttendanceTabMoneyViewController.swift in Sources */,
				AA7217DD255E8AC000A67830 /* SceneDelegate.swift in Sources */,
				AA809C382571FFC70078B43C /* SideMenuViewController.swift in Sources */,
				AA6F6D4D2570D99A00CD1F81 /* AttendanceViewController.swift in Sources */,
				AA78AE94257342E000B4F09B /* SettingViewController.swift in Sources */,
			);
			runOnlyForDeploymentPostprocessing = 0;
		};
		AA7217E9255E8AC200A67830 /* Sources */ = {
			isa = PBXSourcesBuildPhase;
			buildActionMask = 2147483647;
			files = (
				AA7217F2255E8AC200A67830 /* Event_AttendanceTests.swift in Sources */,
			);
			runOnlyForDeploymentPostprocessing = 0;
		};
		AA7217F4255E8AC200A67830 /* Sources */ = {
			isa = PBXSourcesBuildPhase;
			buildActionMask = 2147483647;
			files = (
				AA7217FD255E8AC200A67830 /* Event_AttendanceUITests.swift in Sources */,
			);
			runOnlyForDeploymentPostprocessing = 0;
		};
/* End PBXSourcesBuildPhase section */

/* Begin PBXTargetDependency section */
		AA7217EF255E8AC200A67830 /* PBXTargetDependency */ = {
			isa = PBXTargetDependency;
			target = AA7217D6255E8AC000A67830 /* Event-Attendance */;
			targetProxy = AA7217EE255E8AC200A67830 /* PBXContainerItemProxy */;
		};
		AA7217FA255E8AC200A67830 /* PBXTargetDependency */ = {
			isa = PBXTargetDependency;
			target = AA7217D6255E8AC000A67830 /* Event-Attendance */;
			targetProxy = AA7217F9255E8AC200A67830 /* PBXContainerItemProxy */;
		};
/* End PBXTargetDependency section */

/* Begin PBXVariantGroup section */
		AA7217E0255E8AC000A67830 /* Main.storyboard */ = {
			isa = PBXVariantGroup;
			children = (
				AA7217E1255E8AC000A67830 /* Base */,
			);
			name = Main.storyboard;
			sourceTree = "<group>";
		};
		AA7217E5255E8AC200A67830 /* LaunchScreen.storyboard */ = {
			isa = PBXVariantGroup;
			children = (
				AA7217E6255E8AC200A67830 /* Base */,
			);
			name = LaunchScreen.storyboard;
			sourceTree = "<group>";
		};
/* End PBXVariantGroup section */

/* Begin XCBuildConfiguration section */
		AA7217FF255E8AC200A67830 /* Debug */ = {
			isa = XCBuildConfiguration;
			buildSettings = {
				ALWAYS_SEARCH_USER_PATHS = NO;
				CLANG_ANALYZER_NONNULL = YES;
				CLANG_ANALYZER_NUMBER_OBJECT_CONVERSION = YES_AGGRESSIVE;
				CLANG_CXX_LANGUAGE_STANDARD = "gnu++14";
				CLANG_CXX_LIBRARY = "libc++";
				CLANG_ENABLE_MODULES = YES;
				CLANG_ENABLE_OBJC_ARC = YES;
				CLANG_ENABLE_OBJC_WEAK = YES;
				CLANG_WARN_BLOCK_CAPTURE_AUTORELEASING = YES;
				CLANG_WARN_BOOL_CONVERSION = YES;
				CLANG_WARN_COMMA = YES;
				CLANG_WARN_CONSTANT_CONVERSION = YES;
				CLANG_WARN_DEPRECATED_OBJC_IMPLEMENTATIONS = YES;
				CLANG_WARN_DIRECT_OBJC_ISA_USAGE = YES_ERROR;
				CLANG_WARN_DOCUMENTATION_COMMENTS = YES;
				CLANG_WARN_EMPTY_BODY = YES;
				CLANG_WARN_ENUM_CONVERSION = YES;
				CLANG_WARN_INFINITE_RECURSION = YES;
				CLANG_WARN_INT_CONVERSION = YES;
				CLANG_WARN_NON_LITERAL_NULL_CONVERSION = YES;
				CLANG_WARN_OBJC_IMPLICIT_RETAIN_SELF = YES;
				CLANG_WARN_OBJC_LITERAL_CONVERSION = YES;
				CLANG_WARN_OBJC_ROOT_CLASS = YES_ERROR;
				CLANG_WARN_RANGE_LOOP_ANALYSIS = YES;
				CLANG_WARN_STRICT_PROTOTYPES = YES;
				CLANG_WARN_SUSPICIOUS_MOVE = YES;
				CLANG_WARN_UNGUARDED_AVAILABILITY = YES_AGGRESSIVE;
				CLANG_WARN_UNREACHABLE_CODE = YES;
				CLANG_WARN__DUPLICATE_METHOD_MATCH = YES;
				COPY_PHASE_STRIP = NO;
				DEBUG_INFORMATION_FORMAT = dwarf;
				ENABLE_STRICT_OBJC_MSGSEND = YES;
				ENABLE_TESTABILITY = YES;
				GCC_C_LANGUAGE_STANDARD = gnu11;
				GCC_DYNAMIC_NO_PIC = NO;
				GCC_NO_COMMON_BLOCKS = YES;
				GCC_OPTIMIZATION_LEVEL = 0;
				GCC_PREPROCESSOR_DEFINITIONS = (
					"DEBUG=1",
					"$(inherited)",
				);
				GCC_WARN_64_TO_32_BIT_CONVERSION = YES;
				GCC_WARN_ABOUT_RETURN_TYPE = YES_ERROR;
				GCC_WARN_UNDECLARED_SELECTOR = YES;
				GCC_WARN_UNINITIALIZED_AUTOS = YES_AGGRESSIVE;
				GCC_WARN_UNUSED_FUNCTION = YES;
				GCC_WARN_UNUSED_VARIABLE = YES;
				IPHONEOS_DEPLOYMENT_TARGET = 13.0;
				MTL_ENABLE_DEBUG_INFO = INCLUDE_SOURCE;
				MTL_FAST_MATH = YES;
				ONLY_ACTIVE_ARCH = YES;
				SDKROOT = iphoneos;
				SWIFT_ACTIVE_COMPILATION_CONDITIONS = DEBUG;
				SWIFT_OPTIMIZATION_LEVEL = "-Onone";
			};
			name = Debug;
		};
		AA721800255E8AC200A67830 /* Release */ = {
			isa = XCBuildConfiguration;
			buildSettings = {
				ALWAYS_SEARCH_USER_PATHS = NO;
				CLANG_ANALYZER_NONNULL = YES;
				CLANG_ANALYZER_NUMBER_OBJECT_CONVERSION = YES_AGGRESSIVE;
				CLANG_CXX_LANGUAGE_STANDARD = "gnu++14";
				CLANG_CXX_LIBRARY = "libc++";
				CLANG_ENABLE_MODULES = YES;
				CLANG_ENABLE_OBJC_ARC = YES;
				CLANG_ENABLE_OBJC_WEAK = YES;
				CLANG_WARN_BLOCK_CAPTURE_AUTORELEASING = YES;
				CLANG_WARN_BOOL_CONVERSION = YES;
				CLANG_WARN_COMMA = YES;
				CLANG_WARN_CONSTANT_CONVERSION = YES;
				CLANG_WARN_DEPRECATED_OBJC_IMPLEMENTATIONS = YES;
				CLANG_WARN_DIRECT_OBJC_ISA_USAGE = YES_ERROR;
				CLANG_WARN_DOCUMENTATION_COMMENTS = YES;
				CLANG_WARN_EMPTY_BODY = YES;
				CLANG_WARN_ENUM_CONVERSION = YES;
				CLANG_WARN_INFINITE_RECURSION = YES;
				CLANG_WARN_INT_CONVERSION = YES;
				CLANG_WARN_NON_LITERAL_NULL_CONVERSION = YES;
				CLANG_WARN_OBJC_IMPLICIT_RETAIN_SELF = YES;
				CLANG_WARN_OBJC_LITERAL_CONVERSION = YES;
				CLANG_WARN_OBJC_ROOT_CLASS = YES_ERROR;
				CLANG_WARN_RANGE_LOOP_ANALYSIS = YES;
				CLANG_WARN_STRICT_PROTOTYPES = YES;
				CLANG_WARN_SUSPICIOUS_MOVE = YES;
				CLANG_WARN_UNGUARDED_AVAILABILITY = YES_AGGRESSIVE;
				CLANG_WARN_UNREACHABLE_CODE = YES;
				CLANG_WARN__DUPLICATE_METHOD_MATCH = YES;
				COPY_PHASE_STRIP = NO;
				DEBUG_INFORMATION_FORMAT = "dwarf-with-dsym";
				ENABLE_NS_ASSERTIONS = NO;
				ENABLE_STRICT_OBJC_MSGSEND = YES;
				GCC_C_LANGUAGE_STANDARD = gnu11;
				GCC_NO_COMMON_BLOCKS = YES;
				GCC_WARN_64_TO_32_BIT_CONVERSION = YES;
				GCC_WARN_ABOUT_RETURN_TYPE = YES_ERROR;
				GCC_WARN_UNDECLARED_SELECTOR = YES;
				GCC_WARN_UNINITIALIZED_AUTOS = YES_AGGRESSIVE;
				GCC_WARN_UNUSED_FUNCTION = YES;
				GCC_WARN_UNUSED_VARIABLE = YES;
				IPHONEOS_DEPLOYMENT_TARGET = 13.0;
				MTL_ENABLE_DEBUG_INFO = NO;
				MTL_FAST_MATH = YES;
				SDKROOT = iphoneos;
				SWIFT_COMPILATION_MODE = wholemodule;
				SWIFT_OPTIMIZATION_LEVEL = "-O";
				VALIDATE_PRODUCT = YES;
			};
			name = Release;
		};
		AA721802255E8AC200A67830 /* Debug */ = {
			isa = XCBuildConfiguration;
			baseConfigurationReference = 1CC2D7BF56A3B28C1610C9A7 /* Pods-Event-Attendance.debug.xcconfig */;
			buildSettings = {
				ASSETCATALOG_COMPILER_APPICON_NAME = AppIcon;
				CODE_SIGN_ENTITLEMENTS = "Event-Attendance/Event-Attendance.entitlements";
				CODE_SIGN_STYLE = Automatic;
				INFOPLIST_FILE = "Event-Attendance/Info.plist";
				LD_RUNPATH_SEARCH_PATHS = (
					"$(inherited)",
					"@executable_path/Frameworks",
				);
				PRODUCT_BUNDLE_IDENTIFIER = "MasateruMaegawa.Event-Attendance";
				PRODUCT_NAME = "$(TARGET_NAME)";
				SWIFT_VERSION = 5.0;
				TARGETED_DEVICE_FAMILY = "1,2";
			};
			name = Debug;
		};
		AA721803255E8AC200A67830 /* Release */ = {
			isa = XCBuildConfiguration;
			baseConfigurationReference = 6C0BB5A79FCC8FD17FA0E633 /* Pods-Event-Attendance.release.xcconfig */;
			buildSettings = {
				ASSETCATALOG_COMPILER_APPICON_NAME = AppIcon;
				CODE_SIGN_ENTITLEMENTS = "Event-Attendance/Event-Attendance.entitlements";
				CODE_SIGN_STYLE = Automatic;
				INFOPLIST_FILE = "Event-Attendance/Info.plist";
				LD_RUNPATH_SEARCH_PATHS = (
					"$(inherited)",
					"@executable_path/Frameworks",
				);
				PRODUCT_BUNDLE_IDENTIFIER = "MasateruMaegawa.Event-Attendance";
				PRODUCT_NAME = "$(TARGET_NAME)";
				SWIFT_VERSION = 5.0;
				TARGETED_DEVICE_FAMILY = "1,2";
			};
			name = Release;
		};
		AA721805255E8AC200A67830 /* Debug */ = {
			isa = XCBuildConfiguration;
			baseConfigurationReference = 393F6F598D2D1CA75229D55F /* Pods-Event-AttendanceTests.debug.xcconfig */;
			buildSettings = {
				ALWAYS_EMBED_SWIFT_STANDARD_LIBRARIES = YES;
				BUNDLE_LOADER = "$(TEST_HOST)";
				CODE_SIGN_STYLE = Automatic;
				INFOPLIST_FILE = "Event-AttendanceTests/Info.plist";
				IPHONEOS_DEPLOYMENT_TARGET = 13.7;
				LD_RUNPATH_SEARCH_PATHS = (
					"$(inherited)",
					"@executable_path/Frameworks",
					"@loader_path/Frameworks",
				);
				PRODUCT_BUNDLE_IDENTIFIER = "MasateruMaegawa.Event-AttendanceTests";
				PRODUCT_NAME = "$(TARGET_NAME)";
				SWIFT_VERSION = 5.0;
				TARGETED_DEVICE_FAMILY = "1,2";
				TEST_HOST = "$(BUILT_PRODUCTS_DIR)/Event-Attendance.app/Event-Attendance";
			};
			name = Debug;
		};
		AA721806255E8AC200A67830 /* Release */ = {
			isa = XCBuildConfiguration;
			baseConfigurationReference = 82B9A5AAE2F36258FC1AD5BC /* Pods-Event-AttendanceTests.release.xcconfig */;
			buildSettings = {
				ALWAYS_EMBED_SWIFT_STANDARD_LIBRARIES = YES;
				BUNDLE_LOADER = "$(TEST_HOST)";
				CODE_SIGN_STYLE = Automatic;
				INFOPLIST_FILE = "Event-AttendanceTests/Info.plist";
				IPHONEOS_DEPLOYMENT_TARGET = 13.7;
				LD_RUNPATH_SEARCH_PATHS = (
					"$(inherited)",
					"@executable_path/Frameworks",
					"@loader_path/Frameworks",
				);
				PRODUCT_BUNDLE_IDENTIFIER = "MasateruMaegawa.Event-AttendanceTests";
				PRODUCT_NAME = "$(TARGET_NAME)";
				SWIFT_VERSION = 5.0;
				TARGETED_DEVICE_FAMILY = "1,2";
				TEST_HOST = "$(BUILT_PRODUCTS_DIR)/Event-Attendance.app/Event-Attendance";
			};
			name = Release;
		};
		AA721808255E8AC200A67830 /* Debug */ = {
			isa = XCBuildConfiguration;
			baseConfigurationReference = A3E72814BA0692C5D8EF830D /* Pods-Event-Attendance-Event-AttendanceUITests.debug.xcconfig */;
			buildSettings = {
				ALWAYS_EMBED_SWIFT_STANDARD_LIBRARIES = YES;
				CODE_SIGN_STYLE = Automatic;
				INFOPLIST_FILE = "Event-AttendanceUITests/Info.plist";
				LD_RUNPATH_SEARCH_PATHS = (
					"$(inherited)",
					"@executable_path/Frameworks",
					"@loader_path/Frameworks",
				);
				PRODUCT_BUNDLE_IDENTIFIER = "MasateruMaegawa.Event-AttendanceUITests";
				PRODUCT_NAME = "$(TARGET_NAME)";
				SWIFT_VERSION = 5.0;
				TARGETED_DEVICE_FAMILY = "1,2";
				TEST_TARGET_NAME = "Event-Attendance";
			};
			name = Debug;
		};
		AA721809255E8AC200A67830 /* Release */ = {
			isa = XCBuildConfiguration;
			baseConfigurationReference = 80DDA63EC0A7DDB622466C51 /* Pods-Event-Attendance-Event-AttendanceUITests.release.xcconfig */;
			buildSettings = {
				ALWAYS_EMBED_SWIFT_STANDARD_LIBRARIES = YES;
				CODE_SIGN_STYLE = Automatic;
				INFOPLIST_FILE = "Event-AttendanceUITests/Info.plist";
				LD_RUNPATH_SEARCH_PATHS = (
					"$(inherited)",
					"@executable_path/Frameworks",
					"@loader_path/Frameworks",
				);
				PRODUCT_BUNDLE_IDENTIFIER = "MasateruMaegawa.Event-AttendanceUITests";
				PRODUCT_NAME = "$(TARGET_NAME)";
				SWIFT_VERSION = 5.0;
				TARGETED_DEVICE_FAMILY = "1,2";
				TEST_TARGET_NAME = "Event-Attendance";
			};
			name = Release;
		};
/* End XCBuildConfiguration section */

/* Begin XCConfigurationList section */
		AA7217D2255E8AC000A67830 /* Build configuration list for PBXProject "Event-Attendance" */ = {
			isa = XCConfigurationList;
			buildConfigurations = (
				AA7217FF255E8AC200A67830 /* Debug */,
				AA721800255E8AC200A67830 /* Release */,
			);
			defaultConfigurationIsVisible = 0;
			defaultConfigurationName = Release;
		};
		AA721801255E8AC200A67830 /* Build configuration list for PBXNativeTarget "Event-Attendance" */ = {
			isa = XCConfigurationList;
			buildConfigurations = (
				AA721802255E8AC200A67830 /* Debug */,
				AA721803255E8AC200A67830 /* Release */,
			);
			defaultConfigurationIsVisible = 0;
			defaultConfigurationName = Release;
		};
		AA721804255E8AC200A67830 /* Build configuration list for PBXNativeTarget "Event-AttendanceTests" */ = {
			isa = XCConfigurationList;
			buildConfigurations = (
				AA721805255E8AC200A67830 /* Debug */,
				AA721806255E8AC200A67830 /* Release */,
			);
			defaultConfigurationIsVisible = 0;
			defaultConfigurationName = Release;
		};
		AA721807255E8AC200A67830 /* Build configuration list for PBXNativeTarget "Event-AttendanceUITests" */ = {
			isa = XCConfigurationList;
			buildConfigurations = (
				AA721808255E8AC200A67830 /* Debug */,
				AA721809255E8AC200A67830 /* Release */,
			);
			defaultConfigurationIsVisible = 0;
			defaultConfigurationName = Release;
		};
/* End XCConfigurationList section */
	};
	rootObject = AA7217CF255E8AC000A67830 /* Project object */;
}
